// !$*UTF8*$!
{
	archiveVersion = 1;
	classes = {
	};
	objectVersion = 51;
	objects = {

/* Begin PBXBuildFile section */
		34750213250E9983001D9067 /* AppDelegate.swift in Sources */ = {isa = PBXBuildFile; fileRef = 34750212250E9983001D9067 /* AppDelegate.swift */; };
		34750215250E9983001D9067 /* SceneDelegate.swift in Sources */ = {isa = PBXBuildFile; fileRef = 34750214250E9983001D9067 /* SceneDelegate.swift */; };
		34750217250E9983001D9067 /* ViewController.swift in Sources */ = {isa = PBXBuildFile; fileRef = 34750216250E9983001D9067 /* ViewController.swift */; };
		3475021A250E9983001D9067 /* Main.storyboard in Resources */ = {isa = PBXBuildFile; fileRef = 34750218250E9983001D9067 /* Main.storyboard */; };
		3475021C250E9984001D9067 /* Assets.xcassets in Resources */ = {isa = PBXBuildFile; fileRef = 3475021B250E9984001D9067 /* Assets.xcassets */; };
		3475021F250E9984001D9067 /* LaunchScreen.storyboard in Resources */ = {isa = PBXBuildFile; fileRef = 3475021D250E9984001D9067 /* LaunchScreen.storyboard */; };
		34750227250E9D30001D9067 /* UITile.swift in Sources */ = {isa = PBXBuildFile; fileRef = 34750226250E9D30001D9067 /* UITile.swift */; };
		34750229250EA4E3001D9067 /* Utils.swift in Sources */ = {isa = PBXBuildFile; fileRef = 34750228250EA4E3001D9067 /* Utils.swift */; };
		3475022B250EA78A001D9067 /* SquareType.swift in Sources */ = {isa = PBXBuildFile; fileRef = 3475022A250EA78A001D9067 /* SquareType.swift */; };
		3475022D250EAEEE001D9067 /* SquareCord.swift in Sources */ = {isa = PBXBuildFile; fileRef = 3475022C250EAEEE001D9067 /* SquareCord.swift */; };
		3475022F250EAF30001D9067 /* Square.swift in Sources */ = {isa = PBXBuildFile; fileRef = 3475022E250EAF30001D9067 /* Square.swift */; };
		34750231250EAF5A001D9067 /* PortType.swift in Sources */ = {isa = PBXBuildFile; fileRef = 34750230250EAF5A001D9067 /* PortType.swift */; };
		34750233250EAF7F001D9067 /* Port.swift in Sources */ = {isa = PBXBuildFile; fileRef = 34750232250EAF7F001D9067 /* Port.swift */; };
		34750237250EAFED001D9067 /* Board.swift in Sources */ = {isa = PBXBuildFile; fileRef = 34750236250EAFED001D9067 /* Board.swift */; };
		34750239250EB4EF001D9067 /* shuffle.m4a in Resources */ = {isa = PBXBuildFile; fileRef = 34750238250EB409001D9067 /* shuffle.m4a */; };
		34F95766250EDB1D001BA235 /* AppStoreReviewManager.swift in Sources */ = {isa = PBXBuildFile; fileRef = 34F95765250EDB1D001BA235 /* AppStoreReviewManager.swift */; };
		34F95768250EE300001BA235 /* GoogleService-Info.plist in Resources */ = {isa = PBXBuildFile; fileRef = 34F95767250EE300001BA235 /* GoogleService-Info.plist */; };
		5D5C28C2CF9A2F1B06650B48 /* Pods_Catan_Board_Generator.framework in Frameworks */ = {isa = PBXBuildFile; fileRef = E1AFEBADC007E5732110DA51 /* Pods_Catan_Board_Generator.framework */; };
/* End PBXBuildFile section */

/* Begin PBXFileReference section */
		3475020F250E9983001D9067 /* Catan-Board-Generator.app */ = {isa = PBXFileReference; explicitFileType = wrapper.application; includeInIndex = 0; path = "Catan-Board-Generator.app"; sourceTree = BUILT_PRODUCTS_DIR; };
		34750212250E9983001D9067 /* AppDelegate.swift */ = {isa = PBXFileReference; lastKnownFileType = sourcecode.swift; path = AppDelegate.swift; sourceTree = "<group>"; };
		34750214250E9983001D9067 /* SceneDelegate.swift */ = {isa = PBXFileReference; lastKnownFileType = sourcecode.swift; path = SceneDelegate.swift; sourceTree = "<group>"; };
		34750216250E9983001D9067 /* ViewController.swift */ = {isa = PBXFileReference; lastKnownFileType = sourcecode.swift; path = ViewController.swift; sourceTree = "<group>"; };
		34750219250E9983001D9067 /* Base */ = {isa = PBXFileReference; lastKnownFileType = file.storyboard; name = Base; path = Base.lproj/Main.storyboard; sourceTree = "<group>"; };
		3475021B250E9984001D9067 /* Assets.xcassets */ = {isa = PBXFileReference; lastKnownFileType = folder.assetcatalog; path = Assets.xcassets; sourceTree = "<group>"; };
		3475021E250E9984001D9067 /* Base */ = {isa = PBXFileReference; lastKnownFileType = file.storyboard; name = Base; path = Base.lproj/LaunchScreen.storyboard; sourceTree = "<group>"; };
		34750220250E9984001D9067 /* Info.plist */ = {isa = PBXFileReference; lastKnownFileType = text.plist.xml; path = Info.plist; sourceTree = "<group>"; };
		34750226250E9D30001D9067 /* UITile.swift */ = {isa = PBXFileReference; lastKnownFileType = sourcecode.swift; path = UITile.swift; sourceTree = "<group>"; };
		34750228250EA4E3001D9067 /* Utils.swift */ = {isa = PBXFileReference; lastKnownFileType = sourcecode.swift; path = Utils.swift; sourceTree = "<group>"; };
		3475022A250EA78A001D9067 /* SquareType.swift */ = {isa = PBXFileReference; lastKnownFileType = sourcecode.swift; path = SquareType.swift; sourceTree = "<group>"; };
		3475022C250EAEEE001D9067 /* SquareCord.swift */ = {isa = PBXFileReference; lastKnownFileType = sourcecode.swift; path = SquareCord.swift; sourceTree = "<group>"; };
		3475022E250EAF30001D9067 /* Square.swift */ = {isa = PBXFileReference; lastKnownFileType = sourcecode.swift; path = Square.swift; sourceTree = "<group>"; };
		34750230250EAF5A001D9067 /* PortType.swift */ = {isa = PBXFileReference; lastKnownFileType = sourcecode.swift; path = PortType.swift; sourceTree = "<group>"; };
		34750232250EAF7F001D9067 /* Port.swift */ = {isa = PBXFileReference; lastKnownFileType = sourcecode.swift; path = Port.swift; sourceTree = "<group>"; };
		34750236250EAFED001D9067 /* Board.swift */ = {isa = PBXFileReference; lastKnownFileType = sourcecode.swift; path = Board.swift; sourceTree = "<group>"; };
		34750238250EB409001D9067 /* shuffle.m4a */ = {isa = PBXFileReference; lastKnownFileType = file; path = shuffle.m4a; sourceTree = "<group>"; };
		34F95765250EDB1D001BA235 /* AppStoreReviewManager.swift */ = {isa = PBXFileReference; lastKnownFileType = sourcecode.swift; path = AppStoreReviewManager.swift; sourceTree = "<group>"; };
		34F95767250EE300001BA235 /* GoogleService-Info.plist */ = {isa = PBXFileReference; fileEncoding = 4; lastKnownFileType = text.plist.xml; path = "GoogleService-Info.plist"; sourceTree = "<group>"; };
		4DDEAF4B76C567088328075C /* Pods-Catan-Board-Generator.release.xcconfig */ = {isa = PBXFileReference; includeInIndex = 1; lastKnownFileType = text.xcconfig; name = "Pods-Catan-Board-Generator.release.xcconfig"; path = "Target Support Files/Pods-Catan-Board-Generator/Pods-Catan-Board-Generator.release.xcconfig"; sourceTree = "<group>"; };
		801AAE57219673172A4D4D52 /* Pods-Catan-Board-Generator.debug.xcconfig */ = {isa = PBXFileReference; includeInIndex = 1; lastKnownFileType = text.xcconfig; name = "Pods-Catan-Board-Generator.debug.xcconfig"; path = "Target Support Files/Pods-Catan-Board-Generator/Pods-Catan-Board-Generator.debug.xcconfig"; sourceTree = "<group>"; };
		E1AFEBADC007E5732110DA51 /* Pods_Catan_Board_Generator.framework */ = {isa = PBXFileReference; explicitFileType = wrapper.framework; includeInIndex = 0; path = Pods_Catan_Board_Generator.framework; sourceTree = BUILT_PRODUCTS_DIR; };
/* End PBXFileReference section */

/* Begin PBXFrameworksBuildPhase section */
		3475020C250E9983001D9067 /* Frameworks */ = {
			isa = PBXFrameworksBuildPhase;
			buildActionMask = 2147483647;
			files = (
				5D5C28C2CF9A2F1B06650B48 /* Pods_Catan_Board_Generator.framework in Frameworks */,
			);
			runOnlyForDeploymentPostprocessing = 0;
		};
/* End PBXFrameworksBuildPhase section */

/* Begin PBXGroup section */
		242ADF77167CA393F4E5227A /* Frameworks */ = {
			isa = PBXGroup;
			children = (
				E1AFEBADC007E5732110DA51 /* Pods_Catan_Board_Generator.framework */,
			);
			name = Frameworks;
			sourceTree = "<group>";
		};
		34750206250E9983001D9067 = {
			isa = PBXGroup;
			children = (
				34750211250E9983001D9067 /* Catan-Board-Generator */,
				34750210250E9983001D9067 /* Products */,
				BC9A31F6829E87FC7D0980D2 /* Pods */,
				242ADF77167CA393F4E5227A /* Frameworks */,
			);
			sourceTree = "<group>";
		};
		34750210250E9983001D9067 /* Products */ = {
			isa = PBXGroup;
			children = (
				3475020F250E9983001D9067 /* Catan-Board-Generator.app */,
			);
			name = Products;
			sourceTree = "<group>";
		};
		34750211250E9983001D9067 /* Catan-Board-Generator */ = {
			isa = PBXGroup;
			children = (
				34F95767250EE300001BA235 /* GoogleService-Info.plist */,
				34750238250EB409001D9067 /* shuffle.m4a */,
				34750212250E9983001D9067 /* AppDelegate.swift */,
				34750214250E9983001D9067 /* SceneDelegate.swift */,
				34750216250E9983001D9067 /* ViewController.swift */,
				34750218250E9983001D9067 /* Main.storyboard */,
				3475021B250E9984001D9067 /* Assets.xcassets */,
				3475021D250E9984001D9067 /* LaunchScreen.storyboard */,
				34750220250E9984001D9067 /* Info.plist */,
				34750226250E9D30001D9067 /* UITile.swift */,
				34750228250EA4E3001D9067 /* Utils.swift */,
				3475022A250EA78A001D9067 /* SquareType.swift */,
				3475022C250EAEEE001D9067 /* SquareCord.swift */,
				3475022E250EAF30001D9067 /* Square.swift */,
				34750230250EAF5A001D9067 /* PortType.swift */,
				34750232250EAF7F001D9067 /* Port.swift */,
				34750236250EAFED001D9067 /* Board.swift */,
				34F95765250EDB1D001BA235 /* AppStoreReviewManager.swift */,
			);
			path = "Catan-Board-Generator";
			sourceTree = "<group>";
		};
		BC9A31F6829E87FC7D0980D2 /* Pods */ = {
			isa = PBXGroup;
			children = (
				801AAE57219673172A4D4D52 /* Pods-Catan-Board-Generator.debug.xcconfig */,
				4DDEAF4B76C567088328075C /* Pods-Catan-Board-Generator.release.xcconfig */,
			);
			path = Pods;
			sourceTree = "<group>";
		};
/* End PBXGroup section */

/* Begin PBXNativeTarget section */
		3475020E250E9983001D9067 /* Catan-Board-Generator */ = {
			isa = PBXNativeTarget;
			buildConfigurationList = 34750223250E9984001D9067 /* Build configuration list for PBXNativeTarget "Catan-Board-Generator" */;
			buildPhases = (
				A492F7E916B00BA55E199156 /* [CP] Check Pods Manifest.lock */,
				3475020B250E9983001D9067 /* Sources */,
				3475020C250E9983001D9067 /* Frameworks */,
				3475020D250E9983001D9067 /* Resources */,
				A8E2FA6844B253F7209C03F3 /* [CP] Embed Pods Frameworks */,
			);
			buildRules = (
			);
			dependencies = (
			);
			name = "Catan-Board-Generator";
			productName = "Catan-Board-Generator";
			productReference = 3475020F250E9983001D9067 /* Catan-Board-Generator.app */;
			productType = "com.apple.product-type.application";
		};
/* End PBXNativeTarget section */

/* Begin PBXProject section */
		34750207250E9983001D9067 /* Project object */ = {
			isa = PBXProject;
			attributes = {
				LastSwiftUpdateCheck = 1200;
				LastUpgradeCheck = 1200;
				TargetAttributes = {
					3475020E250E9983001D9067 = {
						CreatedOnToolsVersion = 12.0;
					};
				};
			};
			buildConfigurationList = 3475020A250E9983001D9067 /* Build configuration list for PBXProject "Catan-Board-Generator" */;
			compatibilityVersion = "Xcode 9.3";
			developmentRegion = en;
			hasScannedForEncodings = 0;
			knownRegions = (
				en,
				Base,
			);
			mainGroup = 34750206250E9983001D9067;
			productRefGroup = 34750210250E9983001D9067 /* Products */;
			projectDirPath = "";
			projectRoot = "";
			targets = (
				3475020E250E9983001D9067 /* Catan-Board-Generator */,
			);
		};
/* End PBXProject section */

/* Begin PBXResourcesBuildPhase section */
		3475020D250E9983001D9067 /* Resources */ = {
			isa = PBXResourcesBuildPhase;
			buildActionMask = 2147483647;
			files = (
				34750239250EB4EF001D9067 /* shuffle.m4a in Resources */,
				3475021F250E9984001D9067 /* LaunchScreen.storyboard in Resources */,
				34F95768250EE300001BA235 /* GoogleService-Info.plist in Resources */,
				3475021C250E9984001D9067 /* Assets.xcassets in Resources */,
				3475021A250E9983001D9067 /* Main.storyboard in Resources */,
			);
			runOnlyForDeploymentPostprocessing = 0;
		};
/* End PBXResourcesBuildPhase section */

/* Begin PBXShellScriptBuildPhase section */
		A492F7E916B00BA55E199156 /* [CP] Check Pods Manifest.lock */ = {
			isa = PBXShellScriptBuildPhase;
			buildActionMask = 2147483647;
			files = (
			);
			inputFileListPaths = (
			);
			inputPaths = (
				"${PODS_PODFILE_DIR_PATH}/Podfile.lock",
				"${PODS_ROOT}/Manifest.lock",
			);
			name = "[CP] Check Pods Manifest.lock";
			outputFileListPaths = (
			);
			outputPaths = (
				"$(DERIVED_FILE_DIR)/Pods-Catan-Board-Generator-checkManifestLockResult.txt",
			);
			runOnlyForDeploymentPostprocessing = 0;
			shellPath = /bin/sh;
			shellScript = "diff \"${PODS_PODFILE_DIR_PATH}/Podfile.lock\" \"${PODS_ROOT}/Manifest.lock\" > /dev/null\nif [ $? != 0 ] ; then\n    # print error to STDERR\n    echo \"error: The sandbox is not in sync with the Podfile.lock. Run 'pod install' or update your CocoaPods installation.\" >&2\n    exit 1\nfi\n# This output is used by Xcode 'outputs' to avoid re-running this script phase.\necho \"SUCCESS\" > \"${SCRIPT_OUTPUT_FILE_0}\"\n";
			showEnvVarsInLog = 0;
		};
		A8E2FA6844B253F7209C03F3 /* [CP] Embed Pods Frameworks */ = {
			isa = PBXShellScriptBuildPhase;
			buildActionMask = 2147483647;
			files = (
			);
			inputFileListPaths = (
				"${PODS_ROOT}/Target Support Files/Pods-Catan-Board-Generator/Pods-Catan-Board-Generator-frameworks-${CONFIGURATION}-input-files.xcfilelist",
			);
			name = "[CP] Embed Pods Frameworks";
			outputFileListPaths = (
				"${PODS_ROOT}/Target Support Files/Pods-Catan-Board-Generator/Pods-Catan-Board-Generator-frameworks-${CONFIGURATION}-output-files.xcfilelist",
			);
			runOnlyForDeploymentPostprocessing = 0;
			shellPath = /bin/sh;
			shellScript = "\"${PODS_ROOT}/Target Support Files/Pods-Catan-Board-Generator/Pods-Catan-Board-Generator-frameworks.sh\"\n";
			showEnvVarsInLog = 0;
		};
/* End PBXShellScriptBuildPhase section */

/* Begin PBXSourcesBuildPhase section */
		3475020B250E9983001D9067 /* Sources */ = {
			isa = PBXSourcesBuildPhase;
			buildActionMask = 2147483647;
			files = (
				3475022F250EAF30001D9067 /* Square.swift in Sources */,
				34750237250EAFED001D9067 /* Board.swift in Sources */,
				34750229250EA4E3001D9067 /* Utils.swift in Sources */,
				34750231250EAF5A001D9067 /* PortType.swift in Sources */,
				3475022D250EAEEE001D9067 /* SquareCord.swift in Sources */,
				34750233250EAF7F001D9067 /* Port.swift in Sources */,
				34750217250E9983001D9067 /* ViewController.swift in Sources */,
				34750213250E9983001D9067 /* AppDelegate.swift in Sources */,
				34750215250E9983001D9067 /* SceneDelegate.swift in Sources */,
				34F95766250EDB1D001BA235 /* AppStoreReviewManager.swift in Sources */,
				3475022B250EA78A001D9067 /* SquareType.swift in Sources */,
				34750227250E9D30001D9067 /* UITile.swift in Sources */,
			);
			runOnlyForDeploymentPostprocessing = 0;
		};
/* End PBXSourcesBuildPhase section */

/* Begin PBXVariantGroup section */
		34750218250E9983001D9067 /* Main.storyboard */ = {
			isa = PBXVariantGroup;
			children = (
				34750219250E9983001D9067 /* Base */,
			);
			name = Main.storyboard;
			sourceTree = "<group>";
		};
		3475021D250E9984001D9067 /* LaunchScreen.storyboard */ = {
			isa = PBXVariantGroup;
			children = (
				3475021E250E9984001D9067 /* Base */,
			);
			name = LaunchScreen.storyboard;
			sourceTree = "<group>";
		};
/* End PBXVariantGroup section */

/* Begin XCBuildConfiguration section */
		34750221250E9984001D9067 /* Debug */ = {
			isa = XCBuildConfiguration;
			buildSettings = {
				ALWAYS_SEARCH_USER_PATHS = NO;
				CLANG_ANALYZER_NONNULL = YES;
				CLANG_ANALYZER_NUMBER_OBJECT_CONVERSION = YES_AGGRESSIVE;
				CLANG_CXX_LANGUAGE_STANDARD = "gnu++14";
				CLANG_CXX_LIBRARY = "libc++";
				CLANG_ENABLE_MODULES = YES;
				CLANG_ENABLE_OBJC_ARC = YES;
				CLANG_ENABLE_OBJC_WEAK = YES;
				CLANG_WARN_BLOCK_CAPTURE_AUTORELEASING = YES;
				CLANG_WARN_BOOL_CONVERSION = YES;
				CLANG_WARN_COMMA = YES;
				CLANG_WARN_CONSTANT_CONVERSION = YES;
				CLANG_WARN_DEPRECATED_OBJC_IMPLEMENTATIONS = YES;
				CLANG_WARN_DIRECT_OBJC_ISA_USAGE = YES_ERROR;
				CLANG_WARN_DOCUMENTATION_COMMENTS = YES;
				CLANG_WARN_EMPTY_BODY = YES;
				CLANG_WARN_ENUM_CONVERSION = YES;
				CLANG_WARN_INFINITE_RECURSION = YES;
				CLANG_WARN_INT_CONVERSION = YES;
				CLANG_WARN_NON_LITERAL_NULL_CONVERSION = YES;
				CLANG_WARN_OBJC_IMPLICIT_RETAIN_SELF = YES;
				CLANG_WARN_OBJC_LITERAL_CONVERSION = YES;
				CLANG_WARN_OBJC_ROOT_CLASS = YES_ERROR;
				CLANG_WARN_QUOTED_INCLUDE_IN_FRAMEWORK_HEADER = YES;
				CLANG_WARN_RANGE_LOOP_ANALYSIS = YES;
				CLANG_WARN_STRICT_PROTOTYPES = YES;
				CLANG_WARN_SUSPICIOUS_MOVE = YES;
				CLANG_WARN_UNGUARDED_AVAILABILITY = YES_AGGRESSIVE;
				CLANG_WARN_UNREACHABLE_CODE = YES;
				CLANG_WARN__DUPLICATE_METHOD_MATCH = YES;
				COPY_PHASE_STRIP = NO;
				DEBUG_INFORMATION_FORMAT = dwarf;
				ENABLE_STRICT_OBJC_MSGSEND = YES;
				ENABLE_TESTABILITY = YES;
				GCC_C_LANGUAGE_STANDARD = gnu11;
				GCC_DYNAMIC_NO_PIC = NO;
				GCC_NO_COMMON_BLOCKS = YES;
				GCC_OPTIMIZATION_LEVEL = 0;
				GCC_PREPROCESSOR_DEFINITIONS = (
					"DEBUG=1",
					"$(inherited)",
				);
				GCC_WARN_64_TO_32_BIT_CONVERSION = YES;
				GCC_WARN_ABOUT_RETURN_TYPE = YES_ERROR;
				GCC_WARN_UNDECLARED_SELECTOR = YES;
				GCC_WARN_UNINITIALIZED_AUTOS = YES_AGGRESSIVE;
				GCC_WARN_UNUSED_FUNCTION = YES;
				GCC_WARN_UNUSED_VARIABLE = YES;
				IPHONEOS_DEPLOYMENT_TARGET = 14.0;
				MTL_ENABLE_DEBUG_INFO = INCLUDE_SOURCE;
				MTL_FAST_MATH = YES;
				ONLY_ACTIVE_ARCH = YES;
				SDKROOT = iphoneos;
				SWIFT_ACTIVE_COMPILATION_CONDITIONS = DEBUG;
				SWIFT_OPTIMIZATION_LEVEL = "-Onone";
			};
			name = Debug;
		};
		34750222250E9984001D9067 /* Release */ = {
			isa = XCBuildConfiguration;
			buildSettings = {
				ALWAYS_SEARCH_USER_PATHS = NO;
				CLANG_ANALYZER_NONNULL = YES;
				CLANG_ANALYZER_NUMBER_OBJECT_CONVERSION = YES_AGGRESSIVE;
				CLANG_CXX_LANGUAGE_STANDARD = "gnu++14";
				CLANG_CXX_LIBRARY = "libc++";
				CLANG_ENABLE_MODULES = YES;
				CLANG_ENABLE_OBJC_ARC = YES;
				CLANG_ENABLE_OBJC_WEAK = YES;
				CLANG_WARN_BLOCK_CAPTURE_AUTORELEASING = YES;
				CLANG_WARN_BOOL_CONVERSION = YES;
				CLANG_WARN_COMMA = YES;
				CLANG_WARN_CONSTANT_CONVERSION = YES;
				CLANG_WARN_DEPRECATED_OBJC_IMPLEMENTATIONS = YES;
				CLANG_WARN_DIRECT_OBJC_ISA_USAGE = YES_ERROR;
				CLANG_WARN_DOCUMENTATION_COMMENTS = YES;
				CLANG_WARN_EMPTY_BODY = YES;
				CLANG_WARN_ENUM_CONVERSION = YES;
				CLANG_WARN_INFINITE_RECURSION = YES;
				CLANG_WARN_INT_CONVERSION = YES;
				CLANG_WARN_NON_LITERAL_NULL_CONVERSION = YES;
				CLANG_WARN_OBJC_IMPLICIT_RETAIN_SELF = YES;
				CLANG_WARN_OBJC_LITERAL_CONVERSION = YES;
				CLANG_WARN_OBJC_ROOT_CLASS = YES_ERROR;
				CLANG_WARN_QUOTED_INCLUDE_IN_FRAMEWORK_HEADER = YES;
				CLANG_WARN_RANGE_LOOP_ANALYSIS = YES;
				CLANG_WARN_STRICT_PROTOTYPES = YES;
				CLANG_WARN_SUSPICIOUS_MOVE = YES;
				CLANG_WARN_UNGUARDED_AVAILABILITY = YES_AGGRESSIVE;
				CLANG_WARN_UNREACHABLE_CODE = YES;
				CLANG_WARN__DUPLICATE_METHOD_MATCH = YES;
				COPY_PHASE_STRIP = NO;
				DEBUG_INFORMATION_FORMAT = "dwarf-with-dsym";
				ENABLE_NS_ASSERTIONS = NO;
				ENABLE_STRICT_OBJC_MSGSEND = YES;
				GCC_C_LANGUAGE_STANDARD = gnu11;
				GCC_NO_COMMON_BLOCKS = YES;
				GCC_WARN_64_TO_32_BIT_CONVERSION = YES;
				GCC_WARN_ABOUT_RETURN_TYPE = YES_ERROR;
				GCC_WARN_UNDECLARED_SELECTOR = YES;
				GCC_WARN_UNINITIALIZED_AUTOS = YES_AGGRESSIVE;
				GCC_WARN_UNUSED_FUNCTION = YES;
				GCC_WARN_UNUSED_VARIABLE = YES;
				IPHONEOS_DEPLOYMENT_TARGET = 14.0;
				MTL_ENABLE_DEBUG_INFO = NO;
				MTL_FAST_MATH = YES;
				SDKROOT = iphoneos;
				SWIFT_COMPILATION_MODE = wholemodule;
				SWIFT_OPTIMIZATION_LEVEL = "-O";
				VALIDATE_PRODUCT = YES;
			};
			name = Release;
		};
		34750224250E9984001D9067 /* Debug */ = {
			isa = XCBuildConfiguration;
			baseConfigurationReference = 801AAE57219673172A4D4D52 /* Pods-Catan-Board-Generator.debug.xcconfig */;
			buildSettings = {
				ASSETCATALOG_COMPILER_APPICON_NAME = AppIcon;
				ASSETCATALOG_COMPILER_GLOBAL_ACCENT_COLOR_NAME = AccentColor;
				CODE_SIGN_STYLE = Automatic;
				CURRENT_PROJECT_VERSION = 2;
				DEVELOPMENT_TEAM = ZC626QC5J3;
				INFOPLIST_FILE = "Catan-Board-Generator/Info.plist";
				IPHONEOS_DEPLOYMENT_TARGET = 13.0;
				LD_RUNPATH_SEARCH_PATHS = (
					"$(inherited)",
					"@executable_path/Frameworks",
				);
				MARKETING_VERSION = 1.1;
				PRODUCT_BUNDLE_IDENTIFIER = "com.Catan-Board-Generator";
				PRODUCT_NAME = "$(TARGET_NAME)";
				SWIFT_VERSION = 5.0;
				TARGETED_DEVICE_FAMILY = "1,2";
			};
			name = Debug;
		};
		34750225250E9984001D9067 /* Release */ = {
			isa = XCBuildConfiguration;
			baseConfigurationReference = 4DDEAF4B76C567088328075C /* Pods-Catan-Board-Generator.release.xcconfig */;
			buildSettings = {
				ASSETCATALOG_COMPILER_APPICON_NAME = AppIcon;
				ASSETCATALOG_COMPILER_GLOBAL_ACCENT_COLOR_NAME = AccentColor;
				CODE_SIGN_STYLE = Automatic;
				CURRENT_PROJECT_VERSION = 2;
				DEVELOPMENT_TEAM = ZC626QC5J3;
				INFOPLIST_FILE = "Catan-Board-Generator/Info.plist";
				IPHONEOS_DEPLOYMENT_TARGET = 13.0;
				LD_RUNPATH_SEARCH_PATHS = (
					"$(inherited)",
					"@executable_path/Frameworks",
				);
				MARKETING_VERSION = 1.1;
				PRODUCT_BUNDLE_IDENTIFIER = "com.Catan-Board-Generator";
				PRODUCT_NAME = "$(TARGET_NAME)";
				SWIFT_VERSION = 5.0;
				TARGETED_DEVICE_FAMILY = "1,2";
			};
			name = Release;
		};
/* End XCBuildConfiguration section */

/* Begin XCConfigurationList section */
		3475020A250E9983001D9067 /* Build configuration list for PBXProject "Catan-Board-Generator" */ = {
			isa = XCConfigurationList;
			buildConfigurations = (
				34750221250E9984001D9067 /* Debug */,
				34750222250E9984001D9067 /* Release */,
			);
			defaultConfigurationIsVisible = 0;
			defaultConfigurationName = Release;
		};
		34750223250E9984001D9067 /* Build configuration list for PBXNativeTarget "Catan-Board-Generator" */ = {
			isa = XCConfigurationList;
			buildConfigurations = (
				34750224250E9984001D9067 /* Debug */,
				34750225250E9984001D9067 /* Release */,
			);
			defaultConfigurationIsVisible = 0;
			defaultConfigurationName = Release;
		};
/* End XCConfigurationList section */
	};
	rootObject = 34750207250E9983001D9067 /* Project object */;
}
